<?xml version="1.0" encoding="utf-8"?>
<Project ToolsVersion="4.0" xmlns="http://schemas.microsoft.com/developer/msbuild/2003">
  <ItemGroup>
    <Filter Include="Source Files">
      <UniqueIdentifier>{4FC737F1-C7A5-4376-A066-2A32D752A2FF}</UniqueIdentifier>
      <Extensions>cpp;c;cc;cxx;c++;cppm;ixx;def;odl;idl;hpj;bat;asm;asmx</Extensions>
    </Filter>
    <Filter Include="Header Files">
      <UniqueIdentifier>{93995380-89BD-4b04-88EB-625FBE52EBFB}</UniqueIdentifier>
      <Extensions>h;hh;hpp;hxx;h++;hm;inl;inc;ipp;xsd</Extensions>
    </Filter>
    <Filter Include="Resource Files">
      <UniqueIdentifier>{67DA6AB6-F800-4c08-8B7A-83BB121AAD01}</UniqueIdentifier>
      <Extensions>rc;ico;cur;bmp;dlg;rc2;rct;bin;rgs;gif;jpg;jpeg;jpe;resx;tiff;tif;png;wav;mfcribbon-ms</Extensions>
    </Filter>
    <Filter Include="Assets">
      <UniqueIdentifier>{37a0efee-e462-4b32-9693-5f4e0206efec}</UniqueIdentifier>
    </Filter>
  </ItemGroup>
  <ItemGroup>
    <ResourceCompile Include="Engine.rc">
      <Filter>Resource Files</Filter>
    </ResourceCompile>
  </ItemGroup>
  <ItemGroup>
    <Image Include="small.ico">
      <Filter>Resource Files</Filter>
    </Image>
    <Image Include="Engine.ico">
      <Filter>Resource Files</Filter>
    </Image>
  </ItemGroup>
  <ItemGroup>
    <ClInclude Include="Source\Camera.h">
      <Filter>Header Files</Filter>
    </ClInclude>
    <ClInclude Include="Source\Graphics.h">
      <Filter>Header Files</Filter>
    </ClInclude>
    <ClInclude Include="Source\Engine.h">
      <Filter>Header Files</Filter>
    </ClInclude>
    <ClInclude Include="Source\Input.h">
      <Filter>Header Files</Filter>
    </ClInclude>
    <ClInclude Include="Source\Model.h">
      <Filter>Header Files</Filter>
    </ClInclude>
    <ClInclude Include="Resource.h">
      <Filter>Header Files</Filter>
    </ClInclude>
    <ClInclude Include="targetver.h">
      <Filter>Header Files</Filter>
    </ClInclude>
    <ClInclude Include="Source\Shader.h">
      <Filter>Header Files</Filter>
    </ClInclude>
    <ClInclude Include="Source\Texture.h">
      <Filter>Header Files</Filter>
    </ClInclude>
    <ClInclude Include="Source\System.h">
      <Filter>Header Files</Filter>
    </ClInclude>
    <ClInclude Include="Source\WindowHandle.h">
      <Filter>Header Files</Filter>
    </ClInclude>
    <ClInclude Include="Source\Entity.h">
      <Filter>Header Files</Filter>
    </ClInclude>
    <ClInclude Include="Source\Component.h">
      <Filter>Header Files</Filter>
    </ClInclude>
    <ClInclude Include="Source\Transform.h">
      <Filter>Header Files</Filter>
    </ClInclude>
    <ClInclude Include="Source\Movement.h">
      <Filter>Header Files</Filter>
    </ClInclude>
    <ClInclude Include="Source\Behaviour.h">
      <Filter>Header Files</Filter>
    </ClInclude>
    <ClInclude Include="Source\Scene.h">
      <Filter>Header Files</Filter>
    </ClInclude>
    <ClInclude Include="Source\Renderer.h">
      <Filter>Header Files</Filter>
    </ClInclude>
    <ClInclude Include="Source\Material.h">
      <Filter>Header Files</Filter>
    </ClInclude>
    <ClInclude Include="Source\ofbx.h">
      <Filter>Header Files</Filter>
    </ClInclude>
    <ClInclude Include="Source\Int2.h">
      <Filter>Header Files</Filter>
    </ClInclude>
    <ClInclude Include="Source\TgaLoader.h">
      <Filter>Header Files</Filter>
    </ClInclude>
    <ClInclude Include="Source\TextureLoader.h">
      <Filter>Header Files</Filter>
    </ClInclude>
    <ClInclude Include="Source\TextureFormat.h">
      <Filter>Header Files</Filter>
    </ClInclude>
    <ClInclude Include="Source\stb_image.h">
      <Filter>Header Files</Filter>
    </ClInclude>
    <ClInclude Include="Source\miniz.h">
      <Filter>Header Files</Filter>
    </ClInclude>
    <ClInclude Include="Source\ResourceManager.h">
      <Filter>Header Files</Filter>
    </ClInclude>
  </ItemGroup>
  <ItemGroup>
    <ClCompile Include="Source\Camera.cpp">
      <Filter>Source Files</Filter>
    </ClCompile>
    <ClCompile Include="Source\Graphics.cpp">
      <Filter>Source Files</Filter>
    </ClCompile>
    <ClCompile Include="Source\Engine.cpp">
      <Filter>Source Files</Filter>
    </ClCompile>
    <ClCompile Include="Source\Input.cpp">
      <Filter>Source Files</Filter>
    </ClCompile>
    <ClCompile Include="Source\main.cpp">
      <Filter>Source Files</Filter>
    </ClCompile>
    <ClCompile Include="Source\Model.cpp">
      <Filter>Source Files</Filter>
    </ClCompile>
    <ClCompile Include="Source\System.cpp">
      <Filter>Source Files</Filter>
    </ClCompile>
    <ClCompile Include="Source\Shader.cpp">
      <Filter>Source Files</Filter>
    </ClCompile>
    <ClCompile Include="Source\Texture.cpp">
      <Filter>Source Files</Filter>
    </ClCompile>
    <ClCompile Include="Source\WindowHandle.cpp">
      <Filter>Source Files</Filter>
    </ClCompile>
    <ClCompile Include="Source\Entity.cpp">
      <Filter>Source Files</Filter>
    </ClCompile>
    <ClCompile Include="Source\Component.cpp">
      <Filter>Source Files</Filter>
    </ClCompile>
    <ClCompile Include="Source\Transform.cpp">
      <Filter>Source Files</Filter>
    </ClCompile>
    <ClCompile Include="Source\Movement.cpp">
      <Filter>Source Files</Filter>
    </ClCompile>
    <ClCompile Include="Source\Scene.cpp">
      <Filter>Source Files</Filter>
    </ClCompile>
    <ClCompile Include="Source\Behaviour.cpp">
      <Filter>Source Files</Filter>
    </ClCompile>
    <ClCompile Include="Source\Renderer.cpp">
      <Filter>Source Files</Filter>
    </ClCompile>
    <ClCompile Include="Source\Material.cpp">
      <Filter>Source Files</Filter>
    </ClCompile>
    <ClCompile Include="Source\ofbx.cpp">
      <Filter>Source Files</Filter>
    </ClCompile>
    <ClCompile Include="Source\Int2.cpp">
      <Filter>Source Files</Filter>
    </ClCompile>
    <ClCompile Include="Source\TgaLoader.cpp">
      <Filter>Source Files</Filter>
    </ClCompile>
    <ClCompile Include="Source\TextureLoader.cpp">
      <Filter>Source Files</Filter>
    </ClCompile>
    <ClCompile Include="Source\miniz.c">
      <Filter>Source Files</Filter>
    </ClCompile>
    <ClCompile Include="Source\ResourceManager.cpp">
      <Filter>Source Files</Filter>
    </ClCompile>
  </ItemGroup>
  <ItemGroup>
    <None Include="packages.config">
      <Filter>Resource Files</Filter>
    </None>
    <None Include="Assets\Cube.obj">
      <Filter>Assets</Filter>
    </None>
    <None Include="Assets\Cube.txt">
      <Filter>Assets</Filter>
    </None>
    <None Include="Assets\Rock.prefab">
      <Filter>Assets</Filter>
    </None>
    <None Include="Assets\seafloor.dds">
      <Filter>Assets</Filter>
    </None>
    <None Include="Assets\Stones\STONE#1\STONE#1.blend">
      <Filter>Assets</Filter>
    </None>
    <None Include="Assets\Stones\STONE#1\STONE#1.fbx">
      <Filter>Assets</Filter>
    </None>
    <None Include="Assets\Stones\STONE#1\STONE#1.obj">
      <Filter>Assets</Filter>
    </None>
    <None Include="Assets\Stones\STONE#1\STONE#1_Textures\STONE#1_normal.png">
      <Filter>Assets</Filter>
    </None>
    <None Include="Assets\Stones\STONE#1\STONE#1_Textures\STONE#1_roughness.png">
      <Filter>Assets</Filter>
    </None>
    <None Include="Assets\Stones\STONE#2\STONE#2.blend">
      <Filter>Assets</Filter>
    </None>
    <None Include="Assets\Stones\STONE#2\STONE#2.fbx">
      <Filter>Assets</Filter>
    </None>
    <None Include="Assets\Stones\STONE#2\STONE#2.obj">
      <Filter>Assets</Filter>
    </None>
    <None Include="Assets\Stones\STONE#2\STONE#2_Textures\STONE#2_color.png">
      <Filter>Assets</Filter>
    </None>
    <None Include="Assets\Stones\STONE#2\STONE#2_Textures\STONE#2_normal.png">
      <Filter>Assets</Filter>
    </None>
    <None Include="Assets\Stones\STONE#2\STONE#2_Textures\STONE#2_roughness.png">
      <Filter>Assets</Filter>
    </None>
    <None Include="Assets\Stones\STONE#3\STONE#3.blend">
      <Filter>Assets</Filter>
    </None>
    <None Include="Assets\Stones\STONE#3\STONE#3.fbx">
      <Filter>Assets</Filter>
    </None>
    <None Include="Assets\Stones\STONE#3\STONE#3.obj">
      <Filter>Assets</Filter>
    </None>
    <None Include="Assets\Stones\STONE#3\STONE#3_Textures\STONE#3_color.png">
      <Filter>Assets</Filter>
    </None>
    <None Include="Assets\Stones\STONE#3\STONE#3_Textures\STONE#3_normal.png">
      <Filter>Assets</Filter>
    </None>
    <None Include="Assets\Stones\STONE#3\STONE#3_Textures\STONE#3_roughness.png">
      <Filter>Assets</Filter>
    </None>
    <None Include="Assets\Stones\STONE#4\STONE#4.blend">
      <Filter>Assets</Filter>
    </None>
    <None Include="Assets\Stones\STONE#4\STONE#4.fbx">
      <Filter>Assets</Filter>
    </None>
    <None Include="Assets\Stones\STONE#4\STONE#4.obj">
      <Filter>Assets</Filter>
    </None>
    <None Include="Assets\Stones\STONE#4\STONE#4_Textures\STONE#4_color.png">
      <Filter>Assets</Filter>
    </None>
    <None Include="Assets\Stones\STONE#4\STONE#4_Textures\STONE#4_normal.png">
      <Filter>Assets</Filter>
    </None>
    <None Include="Assets\Stones\STONE#4\STONE#4_Textures\STONE#4_roughness.png">
      <Filter>Assets</Filter>
    </None>
    <None Include="Assets\stone01.tga">
      <Filter>Assets</Filter>
    </None>
    <None Include="Assets\Rock.material">
      <Filter>Assets</Filter>
    </None>
    <None Include="Assets\Stones\STONE#1\STONE#1_Textures\STONE#1_color.png">
      <Filter>Resource Files</Filter>
    </None>
    <None Include="Assets\Surface.hlsl" />
  </ItemGroup>
</Project>